// !$*UTF8*$!
{
	archiveVersion = 1;
	classes = {
	};
	objectVersion = 46;
	objects = {

/* Begin PBXBuildFile section */
		C249C1DF1B5CD81F0004400A /* main.m in Sources */ = {isa = PBXBuildFile; fileRef = C249C1DE1B5CD81F0004400A /* main.m */; };
		C249C1E21B5CD81F0004400A /* AppDelegate.m in Sources */ = {isa = PBXBuildFile; fileRef = C249C1E11B5CD81F0004400A /* AppDelegate.m */; };
		C249C1E51B5CD81F0004400A /* ViewController.m in Sources */ = {isa = PBXBuildFile; fileRef = C249C1E41B5CD81F0004400A /* ViewController.m */; };
		C249C1E81B5CD81F0004400A /* Main.storyboard in Resources */ = {isa = PBXBuildFile; fileRef = C249C1E61B5CD81F0004400A /* Main.storyboard */; };
		C249C1EA1B5CD81F0004400A /* Images.xcassets in Resources */ = {isa = PBXBuildFile; fileRef = C249C1E91B5CD81F0004400A /* Images.xcassets */; };
		C249C1ED1B5CD81F0004400A /* LaunchScreen.xib in Resources */ = {isa = PBXBuildFile; fileRef = C249C1EB1B5CD81F0004400A /* LaunchScreen.xib */; };
		C249C1F91B5CD8200004400A /* gfdgfdTests.m in Sources */ = {isa = PBXBuildFile; fileRef = C249C1F81B5CD8200004400A /* gfdgfdTests.m */; };
/* End PBXBuildFile section */

/* Begin PBXContainerItemProxy section */
		C249C1F31B5CD8200004400A /* PBXContainerItemProxy */ = {
			isa = PBXContainerItemProxy;
			containerPortal = C249C1D11B5CD81F0004400A /* Project object */;
			proxyType = 1;
			remoteGlobalIDString = C249C1D81B5CD81F0004400A;
			remoteInfo = gfdgfd;
		};
/* End PBXContainerItemProxy section */

/* Begin PBXFileReference section */
		C249C1D91B5CD81F0004400A /* gfdgfd.app */ = {isa = PBXFileReference; explicitFileType = wrapper.application; includeInIndex = 0; path = gfdgfd.app; sourceTree = BUILT_PRODUCTS_DIR; };
		C249C1DD1B5CD81F0004400A /* Info.plist */ = {isa = PBXFileReference; lastKnownFileType = text.plist.xml; path = Info.plist; sourceTree = "<group>"; };
		C249C1DE1B5CD81F0004400A /* main.m */ = {isa = PBXFileReference; lastKnownFileType = sourcecode.c.objc; path = main.m; sourceTree = "<group>"; };
		C249C1E01B5CD81F0004400A /* AppDelegate.h */ = {isa = PBXFileReference; lastKnownFileType = sourcecode.c.h; path = AppDelegate.h; sourceTree = "<group>"; };
		C249C1E11B5CD81F0004400A /* AppDelegate.m */ = {isa = PBXFileReference; lastKnownFileType = sourcecode.c.objc; path = AppDelegate.m; sourceTree = "<group>"; };
		C249C1E31B5CD81F0004400A /* ViewController.h */ = {isa = PBXFileReference; lastKnownFileType = sourcecode.c.h; path = ViewController.h; sourceTree = "<group>"; };
		C249C1E41B5CD81F0004400A /* ViewController.m */ = {isa = PBXFileReference; lastKnownFileType = sourcecode.c.objc; path = ViewController.m; sourceTree = "<group>"; };
		C249C1E71B5CD81F0004400A /* Base */ = {isa = PBXFileReference; lastKnownFileType = file.storyboard; name = Base; path = Base.lproj/Main.storyboard; sourceTree = "<group>"; };
		C249C1E91B5CD81F0004400A /* Images.xcassets */ = {isa = PBXFileReference; lastKnownFileType = folder.assetcatalog; path = Images.xcassets; sourceTree = "<group>"; };
		C249C1EC1B5CD81F0004400A /* Base */ = {isa = PBXFileReference; lastKnownFileType = file.xib; name = Base; path = Base.lproj/LaunchScreen.xib; sourceTree = "<group>"; };
		C249C1F21B5CD8200004400A /* gfdgfdTests.xctest */ = {isa = PBXFileReference; explicitFileType = wrapper.cfbundle; includeInIndex = 0; path = gfdgfdTests.xctest; sourceTree = BUILT_PRODUCTS_DIR; };
		C249C1F71B5CD8200004400A /* Info.plist */ = {isa = PBXFileReference; lastKnownFileType = text.plist.xml; path = Info.plist; sourceTree = "<group>"; };
		C249C1F81B5CD8200004400A /* gfdgfdTests.m */ = {isa = PBXFileReference; lastKnownFileType = sourcecode.c.objc; path = gfdgfdTests.m; sourceTree = "<group>"; };
/* End PBXFileReference section */

/* Begin PBXFrameworksBuildPhase section */
		C249C1D61B5CD81F0004400A /* Frameworks */ = {
			isa = PBXFrameworksBuildPhase;
			buildActionMask = 2147483647;
			files = (
			);
			runOnlyForDeploymentPostprocessing = 0;
		};
		C249C1EF1B5CD8200004400A /* Frameworks */ = {
			isa = PBXFrameworksBuildPhase;
			buildActionMask = 2147483647;
			files = (
			);
			runOnlyForDeploymentPostprocessing = 0;
		};
/* End PBXFrameworksBuildPhase section */

/* Begin PBXGroup section */
		C249C1D01B5CD81F0004400A = {
			isa = PBXGroup;
			children = (
				C249C1DB1B5CD81F0004400A /* gfdgfd */,
				C249C1F51B5CD8200004400A /* gfdgfdTests */,
				C249C1DA1B5CD81F0004400A /* Products */,
			);
			sourceTree = "<group>";
		};
		C249C1DA1B5CD81F0004400A /* Products */ = {
			isa = PBXGroup;
			children = (
				C249C1D91B5CD81F0004400A /* gfdgfd.app */,
				C249C1F21B5CD8200004400A /* gfdgfdTests.xctest */,
			);
			name = Products;
			sourceTree = "<group>";
		};
		C249C1DB1B5CD81F0004400A /* gfdgfd */ = {
			isa = PBXGroup;
			children = (
				C249C1E01B5CD81F0004400A /* AppDelegate.h */,
				C249C1E11B5CD81F0004400A /* AppDelegate.m */,
				C249C1E31B5CD81F0004400A /* ViewController.h */,
				C249C1E41B5CD81F0004400A /* ViewController.m */,
				C249C1E61B5CD81F0004400A /* Main.storyboard */,
				C249C1E91B5CD81F0004400A /* Images.xcassets */,
				C249C1EB1B5CD81F0004400A /* LaunchScreen.xib */,
				C249C1DC1B5CD81F0004400A /* Supporting Files */,
			);
			path = gfdgfd;
			sourceTree = "<group>";
		};
		C249C1DC1B5CD81F0004400A /* Supporting Files */ = {
			isa = PBXGroup;
			children = (
				C249C1DD1B5CD81F0004400A /* Info.plist */,
				C249C1DE1B5CD81F0004400A /* main.m */,
			);
			name = "Supporting Files";
			sourceTree = "<group>";
		};
		C249C1F51B5CD8200004400A /* gfdgfdTests */ = {
			isa = PBXGroup;
			children = (
				C249C1F81B5CD8200004400A /* gfdgfdTests.m */,
				C249C1F61B5CD8200004400A /* Supporting Files */,
			);
			path = gfdgfdTests;
			sourceTree = "<group>";
		};
		C249C1F61B5CD8200004400A /* Supporting Files */ = {
			isa = PBXGroup;
			children = (
				C249C1F71B5CD8200004400A /* Info.plist */,
			);
			name = "Supporting Files";
			sourceTree = "<group>";
		};
/* End PBXGroup section */

/* Begin PBXNativeTarget section */
		C249C1D81B5CD81F0004400A /* gfdgfd */ = {
			isa = PBXNativeTarget;
			buildConfigurationList = C249C1FC1B5CD8200004400A /* Build configuration list for PBXNativeTarget "gfdgfd" */;
			buildPhases = (
				C249C1D51B5CD81F0004400A /* Sources */,
				C249C1D61B5CD81F0004400A /* Frameworks */,
				C249C1D71B5CD81F0004400A /* Resources */,
			);
			buildRules = (
			);
			dependencies = (
			);
			name = gfdgfd;
			productName = gfdgfd;
			productReference = C249C1D91B5CD81F0004400A /* gfdgfd.app */;
			productType = "com.apple.product-type.application";
		};
		C249C1F11B5CD8200004400A /* gfdgfdTests */ = {
			isa = PBXNativeTarget;
			buildConfigurationList = C249C1FF1B5CD8200004400A /* Build configuration list for PBXNativeTarget "gfdgfdTests" */;
			buildPhases = (
				C249C1EE1B5CD8200004400A /* Sources */,
				C249C1EF1B5CD8200004400A /* Frameworks */,
				C249C1F01B5CD8200004400A /* Resources */,
			);
			buildRules = (
			);
			dependencies = (
				C249C1F41B5CD8200004400A /* PBXTargetDependency */,
			);
			name = gfdgfdTests;
			productName = gfdgfdTests;
			productReference = C249C1F21B5CD8200004400A /* gfdgfdTests.xctest */;
			productType = "com.apple.product-type.bundle.unit-test";
		};
/* End PBXNativeTarget section */

/* Begin PBXProject section */
		C249C1D11B5CD81F0004400A /* Project object */ = {
			isa = PBXProject;
			attributes = {
				LastUpgradeCheck = 0600;
				ORGANIZATIONNAME = lanou3g;
				TargetAttributes = {
					C249C1D81B5CD81F0004400A = {
						CreatedOnToolsVersion = 6.0.1;
					};
					C249C1F11B5CD8200004400A = {
						CreatedOnToolsVersion = 6.0.1;
						TestTargetID = C249C1D81B5CD81F0004400A;
					};
				};
			};
			buildConfigurationList = C249C1D41B5CD81F0004400A /* Build configuration list for PBXProject "gfdgfd" */;
			compatibilityVersion = "Xcode 3.2";
			developmentRegion = English;
			hasScannedForEncodings = 0;
			knownRegions = (
				en,
				Base,
			);
			mainGroup = C249C1D01B5CD81F0004400A;
			productRefGroup = C249C1DA1B5CD81F0004400A /* Products */;
			projectDirPath = "";
			projectRoot = "";
			targets = (
				C249C1D81B5CD81F0004400A /* gfdgfd */,
				C249C1F11B5CD8200004400A /* gfdgfdTests */,
			);
		};
/* End PBXProject section */

/* Begin PBXResourcesBuildPhase section */
		C249C1D71B5CD81F0004400A /* Resources */ = {
			isa = PBXResourcesBuildPhase;
			buildActionMask = 2147483647;
			files = (
				C249C1E81B5CD81F0004400A /* Main.storyboard in Resources */,
				C249C1ED1B5CD81F0004400A /* LaunchScreen.xib in Resources */,
				C249C1EA1B5CD81F0004400A /* Images.xcassets in Resources */,
			);
			runOnlyForDeploymentPostprocessing = 0;
		};
		C249C1F01B5CD8200004400A /* Resources */ = {
			isa = PBXResourcesBuildPhase;
			buildActionMask = 2147483647;
			files = (
			);
			runOnlyForDeploymentPostprocessing = 0;
		};
/* End PBXResourcesBuildPhase section */

/* Begin PBXSourcesBuildPhase section */
		C249C1D51B5CD81F0004400A /* Sources */ = {
			isa = PBXSourcesBuildPhase;
			buildActionMask = 2147483647;
			files = (
				C249C1E51B5CD81F0004400A /* ViewController.m in Sources */,
				C249C1E21B5CD81F0004400A /* AppDelegate.m in Sources */,
				C249C1DF1B5CD81F0004400A /* main.m in Sources */,
			);
			runOnlyForDeploymentPostprocessing = 0;
		};
		C249C1EE1B5CD8200004400A /* Sources */ = {
			isa = PBXSourcesBuildPhase;
			buildActionMask = 2147483647;
			files = (
				C249C1F91B5CD8200004400A /* gfdgfdTests.m in Sources */,
			);
			runOnlyForDeploymentPostprocessing = 0;
		};
/* End PBXSourcesBuildPhase section */

/* Begin PBXTargetDependency section */
		C249C1F41B5CD8200004400A /* PBXTargetDependency */ = {
			isa = PBXTargetDependency;
			target = C249C1D81B5CD81F0004400A /* gfdgfd */;
			targetProxy = C249C1F31B5CD8200004400A /* PBXContainerItemProxy */;
		};
/* End PBXTargetDependency section */

/* Begin PBXVariantGroup section */
		C249C1E61B5CD81F0004400A /* Main.storyboard */ = {
			isa = PBXVariantGroup;
			children = (
				C249C1E71B5CD81F0004400A /* Base */,
			);
			name = Main.storyboard;
			sourceTree = "<group>";
		};
		C249C1EB1B5CD81F0004400A /* LaunchScreen.xib */ = {
			isa = PBXVariantGroup;
			children = (
				C249C1EC1B5CD81F0004400A /* Base */,
			);
			name = LaunchScreen.xib;
			sourceTree = "<group>";
		};
/* End PBXVariantGroup section */

/* Begin XCBuildConfiguration section */
		C249C1FA1B5CD8200004400A /* Debug */ = {
			isa = XCBuildConfiguration;
			buildSettings = {
				ALWAYS_SEARCH_USER_PATHS = NO;
				CLANG_CXX_LANGUAGE_STANDARD = "gnu++0x";
				CLANG_CXX_LIBRARY = "libc++";
				CLANG_ENABLE_MODULES = YES;
				CLANG_ENABLE_OBJC_ARC = YES;
				CLANG_WARN_BOOL_CONVERSION = YES;
				CLANG_WARN_CONSTANT_CONVERSION = YES;
				CLANG_WARN_DIRECT_OBJC_ISA_USAGE = YES_ERROR;
				CLANG_WARN_EMPTY_BODY = YES;
				CLANG_WARN_ENUM_CONVERSION = YES;
				CLANG_WARN_INT_CONVERSION = YES;
				CLANG_WARN_OBJC_ROOT_CLASS = YES_ERROR;
				CLANG_WARN_UNREACHABLE_CODE = YES;
				CLANG_WARN__DUPLICATE_METHOD_MATCH = YES;
				"CODE_SIGN_IDENTITY[sdk=iphoneos*]" = "iPhone Developer";
				COPY_PHASE_STRIP = NO;
				ENABLE_STRICT_OBJC_MSGSEND = YES;
				GCC_C_LANGUAGE_STANDARD = gnu99;
				GCC_DYNAMIC_NO_PIC = NO;
				GCC_OPTIMIZATION_LEVEL = 0;
				GCC_PREPROCESSOR_DEFINITIONS = (
					"DEBUG=1",
					"$(inherited)",
				);
				GCC_SYMBOLS_PRIVATE_EXTERN = NO;
				GCC_WARN_64_TO_32_BIT_CONVERSION = YES;
				GCC_WARN_ABOUT_RETURN_TYPE = YES_ERROR;
				GCC_WARN_UNDECLARED_SELECTOR = YES;
				GCC_WARN_UNINITIALIZED_AUTOS = YES_AGGRESSIVE;
				GCC_WARN_UNUSED_FUNCTION = YES;
				GCC_WARN_UNUSED_VARIABLE = YES;
				IPHONEOS_DEPLOYMENT_TARGET = 8.0;
				MTL_ENABLE_DEBUG_INFO = YES;
				ONLY_ACTIVE_ARCH = YES;
				SDKROOT = iphoneos;
			};
			name = Debug;
		};
		C249C1FB1B5CD8200004400A /* Release */ = {
			isa = XCBuildConfiguration;
			buildSettings = {
				ALWAYS_SEARCH_USER_PATHS = NO;
				CLANG_CXX_LANGUAGE_STANDARD = "gnu++0x";
				CLANG_CXX_LIBRARY = "libc++";
				CLANG_ENABLE_MODULES = YES;
				CLANG_ENABLE_OBJC_ARC = YES;
				CLANG_WARN_BOOL_CONVERSION = YES;
				CLANG_WARN_CONSTANT_CONVERSION = YES;
				CLANG_WARN_DIRECT_OBJC_ISA_USAGE = YES_ERROR;
				CLANG_WARN_EMPTY_BODY = YES;
				CLANG_WARN_ENUM_CONVERSION = YES;
				CLANG_WARN_INT_CONVERSION = YES;
				CLANG_WARN_OBJC_ROOT_CLASS = YES_ERROR;
				CLANG_WARN_UNREACHABLE_CODE = YES;
				CLANG_WARN__DUPLICATE_METHOD_MATCH = YES;
				"CODE_SIGN_IDENTITY[sdk=iphoneos*]" = "iPhone Developer";
				COPY_PHASE_STRIP = YES;
				ENABLE_NS_ASSERTIONS = NO;
				ENABLE_STRICT_OBJC_MSGSEND = YES;
				GCC_C_LANGUAGE_STANDARD = gnu99;
				GCC_WARN_64_TO_32_BIT_CONVERSION = YES;
				GCC_WARN_ABOUT_RETURN_TYPE = YES_ERROR;
				GCC_WARN_UNDECLARED_SELECTOR = YES;
				GCC_WARN_UNINITIALIZED_AUTOS = YES_AGGRESSIVE;
				GCC_WARN_UNUSED_FUNCTION = YES;
				GCC_WARN_UNUSED_VARIABLE = YES;
				IPHONEOS_DEPLOYMENT_TARGET = 8.0;
				MTL_ENABLE_DEBUG_INFO = NO;
				SDKROOT = iphoneos;
				VALIDATE_PRODUCT = YES;
			};
			name = Release;
		};
		C249C1FD1B5CD8200004400A /* Debug */ = {
			isa = XCBuildConfiguration;
			buildSettings = {
				ASSETCATALOG_COMPILER_APPICON_NAME = AppIcon;
				INFOPLIST_FILE = gfdgfd/Info.plist;
				LD_RUNPATH_SEARCH_PATHS = "$(inherited) @executable_path/Frameworks";
				PRODUCT_NAME = "$(TARGET_NAME)";
			};
			name = Debug;
		};
		C249C1FE1B5CD8200004400A /* Release */ = {
			isa = XCBuildConfiguration;
			buildSettings = {
				ASSETCATALOG_COMPILER_APPICON_NAME = AppIcon;
				INFOPLIST_FILE = gfdgfd/Info.plist;
				LD_RUNPATH_SEARCH_PATHS = "$(inherited) @executable_path/Frameworks";
				PRODUCT_NAME = "$(TARGET_NAME)";
			};
			name = Release;
		};
		C249C2001B5CD8200004400A /* Debug */ = {
			isa = XCBuildConfiguration;
			buildSettings = {
				BUNDLE_LOADER = "$(TEST_HOST)";
				FRAMEWORK_SEARCH_PATHS = (
					"$(SDKROOT)/Developer/Library/Frameworks",
					"$(inherited)",
				);
				GCC_PREPROCESSOR_DEFINITIONS = (
					"DEBUG=1",
					"$(inherited)",
				);
				INFOPLIST_FILE = gfdgfdTests/Info.plist;
				LD_RUNPATH_SEARCH_PATHS = "$(inherited) @executable_path/Frameworks @loader_path/Frameworks";
				PRODUCT_NAME = "$(TARGET_NAME)";
				TEST_HOST = "$(BUILT_PRODUCTS_DIR)/gfdgfd.app/gfdgfd";
			};
			name = Debug;
		};
		C249C2011B5CD8200004400A /* Release */ = {
			isa = XCBuildConfiguration;
			buildSettings = {
				BUNDLE_LOADER = "$(TEST_HOST)";
				FRAMEWORK_SEARCH_PATHS = (
					"$(SDKROOT)/Developer/Library/Frameworks",
					"$(inherited)",
				);
				INFOPLIST_FILE = gfdgfdTests/Info.plist;
				LD_RUNPATH_SEARCH_PATHS = "$(inherited) @executable_path/Frameworks @loader_path/Frameworks";
				PRODUCT_NAME = "$(TARGET_NAME)";
				TEST_HOST = "$(BUILT_PRODUCTS_DIR)/gfdgfd.app/gfdgfd";
			};
			name = Release;
		};
/* End XCBuildConfiguration section */

/* Begin XCConfigurationList section */
		C249C1D41B5CD81F0004400A /* Build configuration list for PBXProject "gfdgfd" */ = {
			isa = XCConfigurationList;
			buildConfigurations = (
				C249C1FA1B5CD8200004400A /* Debug */,
				C249C1FB1B5CD8200004400A /* Release */,
			);
			defaultConfigurationIsVisible = 0;
			defaultConfigurationName = Release;
		};
		C249C1FC1B5CD8200004400A /* Build configuration list for PBXNativeTarget "gfdgfd" */ = {
			isa = XCConfigurationList;
			buildConfigurations = (
				C249C1FD1B5CD8200004400A /* Debug */,
				C249C1FE1B5CD8200004400A /* Release */,
			);
			defaultConfigurationIsVisible = 0;
		};
		C249C1FF1B5CD8200004400A /* Build configuration list for PBXNativeTarget "gfdgfdTests" */ = {
			isa = XCConfigurationList;
			buildConfigurations = (
				C249C2001B5CD8200004400A /* Debug */,
				C249C2011B5CD8200004400A /* Release */,
			);
			defaultConfigurationIsVisible = 0;
		};
/* End XCConfigurationList section */
	};
	rootObject = C249C1D11B5CD81F0004400A /* Project object */;
}
